
Microsoft Visual Studio Solution File, Format Version 12.00
# Visual Studio Version 16
VisualStudioVersion = 16.0.31702.278
MinimumVisualStudioVersion = 10.0.40219.1
Project("{FAE04EC0-301F-11D3-BF4B-00C04F79EFBC}") = "WebApplication4", "WebApplication4\WebApplication4.csproj", "{E2413660-63AE-4BBC-9D37-7C370C7B2328}"
EndProject
Global
	GlobalSection(SolutionConfigurationPlatforms) = preSolution
		Debug|Any CPU = Debug|Any CPU
		Release|Any CPU = Release|Any CPU
	EndGlobalSection
	GlobalSection(ProjectConfigurationPlatforms) = postSolution
		{E2413660-63AE-4BBC-9D37-7C370C7B2328}.Debug|Any CPU.ActiveCfg = Debug|Any CPU
		{E2413660-63AE-4BBC-9D37-7C370C7B2328}.Debug|Any CPU.Build.0 = Debug|Any CPU
		{E2413660-63AE-4BBC-9D37-7C370C7B2328}.Release|Any CPU.ActiveCfg = Release|Any CPU
		{E2413660-63AE-4BBC-9D37-7C370C7B2328}.Release|Any CPU.Build.0 = Release|Any CPU
	EndGlobalSection
	GlobalSection(SolutionProperties) = preSolution
		HideSolutionNode = FALSE
	EndGlobalSection
	GlobalSection(ExtensibilityGlobals) = postSolution
		SolutionGuid = {2D2994B8-0F71-41E4-92BA-57C74425F5EE}
	EndGlobalSection
EndGlobal
